// !$*UTF8*$!
{
	archiveVersion = 1;
	classes = {
	};
	objectVersion = 46;
	objects = {

/* Begin PBXBuildFile section */
		1B7BC4291D301D6C00454AAB /* AppDelegate.swift in Sources */ = {isa = PBXBuildFile; fileRef = 1B7BC4281D301D6C00454AAB /* AppDelegate.swift */; };
		1B7BC42B1D301D6D00454AAB /* ViewController.swift in Sources */ = {isa = PBXBuildFile; fileRef = 1B7BC42A1D301D6D00454AAB /* ViewController.swift */; };
		1B7BC42E1D301D6D00454AAB /* Main.storyboard in Resources */ = {isa = PBXBuildFile; fileRef = 1B7BC42C1D301D6D00454AAB /* Main.storyboard */; };
		1B7BC4301D301D6D00454AAB /* Assets.xcassets in Resources */ = {isa = PBXBuildFile; fileRef = 1B7BC42F1D301D6D00454AAB /* Assets.xcassets */; };
		1B7BC4331D301D6D00454AAB /* LaunchScreen.storyboard in Resources */ = {isa = PBXBuildFile; fileRef = 1B7BC4311D301D6D00454AAB /* LaunchScreen.storyboard */; };
		1B7BC43E1D301D6D00454AAB /* swift_blackjack_labTests.swift in Sources */ = {isa = PBXBuildFile; fileRef = 1B7BC43D1D301D6D00454AAB /* swift_blackjack_labTests.swift */; };
		1B9BCBFE1D3023EC0080E45D /* PlayerSpec.swift in Sources */ = {isa = PBXBuildFile; fileRef = 1B9BCBFD1D3023EC0080E45D /* PlayerSpec.swift */; };
		1B9BCC041D3025610080E45D /* Card.swift in Sources */ = {isa = PBXBuildFile; fileRef = 1B9BCBFF1D3025610080E45D /* Card.swift */; };
		1B9BCC051D3025610080E45D /* Dealer.swift in Sources */ = {isa = PBXBuildFile; fileRef = 1B9BCC001D3025610080E45D /* Dealer.swift */; };
		1B9BCC061D3025610080E45D /* Deck.swift in Sources */ = {isa = PBXBuildFile; fileRef = 1B9BCC011D3025610080E45D /* Deck.swift */; };
		1B9BCC071D3025610080E45D /* House.swift in Sources */ = {isa = PBXBuildFile; fileRef = 1B9BCC021D3025610080E45D /* House.swift */; };
		1B9BCC081D3025610080E45D /* Player.swift in Sources */ = {isa = PBXBuildFile; fileRef = 1B9BCC031D3025610080E45D /* Player.swift */; };
		1B9BCC0A1D3026F10080E45D /* HouseSpec.swift in Sources */ = {isa = PBXBuildFile; fileRef = 1B9BCC091D3026F10080E45D /* HouseSpec.swift */; };
		1B9BCC0E1D3027320080E45D /* DeckSpec.swift in Sources */ = {isa = PBXBuildFile; fileRef = 1B9BCC0D1D3027320080E45D /* DeckSpec.swift */; };
		1B9BCC101D3027580080E45D /* DealerSpec.swift in Sources */ = {isa = PBXBuildFile; fileRef = 1B9BCC0F1D3027580080E45D /* DealerSpec.swift */; };
		1B9BCC121D3027720080E45D /* CardSpec.swift in Sources */ = {isa = PBXBuildFile; fileRef = 1B9BCC111D3027720080E45D /* CardSpec.swift */; };
		27D170B89F7408C8EE2BCB9A /* Pods_swift_blackjack_labTests.framework in Frameworks */ = {isa = PBXBuildFile; fileRef = 404F70BE083BCE33FAE30C91 /* Pods_swift_blackjack_labTests.framework */; };
		9270B07079B11307409944C5 /* Pods_swift_blackjack_lab.framework in Frameworks */ = {isa = PBXBuildFile; fileRef = D1A3AC27C31E30B3B95AF9D3 /* Pods_swift_blackjack_lab.framework */; };
/* End PBXBuildFile section */

/* Begin PBXContainerItemProxy section */
		1B7BC43A1D301D6D00454AAB /* PBXContainerItemProxy */ = {
			isa = PBXContainerItemProxy;
			containerPortal = 1B7BC41D1D301D6C00454AAB /* Project object */;
			proxyType = 1;
			remoteGlobalIDString = 1B7BC4241D301D6C00454AAB;
			remoteInfo = "swift-blackjack-lab";
		};
/* End PBXContainerItemProxy section */

/* Begin PBXFileReference section */
		1B7BC4251D301D6C00454AAB /* swift-blackjack-lab.app */ = {isa = PBXFileReference; explicitFileType = wrapper.application; includeInIndex = 0; path = "swift-blackjack-lab.app"; sourceTree = BUILT_PRODUCTS_DIR; };
		1B7BC4281D301D6C00454AAB /* AppDelegate.swift */ = {isa = PBXFileReference; lastKnownFileType = sourcecode.swift; path = AppDelegate.swift; sourceTree = "<group>"; };
		1B7BC42A1D301D6D00454AAB /* ViewController.swift */ = {isa = PBXFileReference; lastKnownFileType = sourcecode.swift; path = ViewController.swift; sourceTree = "<group>"; };
		1B7BC42D1D301D6D00454AAB /* Base */ = {isa = PBXFileReference; lastKnownFileType = file.storyboard; name = Base; path = Base.lproj/Main.storyboard; sourceTree = "<group>"; };
		1B7BC42F1D301D6D00454AAB /* Assets.xcassets */ = {isa = PBXFileReference; lastKnownFileType = folder.assetcatalog; path = Assets.xcassets; sourceTree = "<group>"; };
		1B7BC4321D301D6D00454AAB /* Base */ = {isa = PBXFileReference; lastKnownFileType = file.storyboard; name = Base; path = Base.lproj/LaunchScreen.storyboard; sourceTree = "<group>"; };
		1B7BC4341D301D6D00454AAB /* Info.plist */ = {isa = PBXFileReference; lastKnownFileType = text.plist.xml; path = Info.plist; sourceTree = "<group>"; };
		1B7BC4391D301D6D00454AAB /* swift-blackjack-labTests.xctest */ = {isa = PBXFileReference; explicitFileType = wrapper.cfbundle; includeInIndex = 0; path = "swift-blackjack-labTests.xctest"; sourceTree = BUILT_PRODUCTS_DIR; };
		1B7BC43D1D301D6D00454AAB /* swift_blackjack_labTests.swift */ = {isa = PBXFileReference; lastKnownFileType = sourcecode.swift; path = swift_blackjack_labTests.swift; sourceTree = "<group>"; };
		1B7BC43F1D301D6D00454AAB /* Info.plist */ = {isa = PBXFileReference; lastKnownFileType = text.plist.xml; path = Info.plist; sourceTree = "<group>"; };
		1B9BCBFD1D3023EC0080E45D /* PlayerSpec.swift */ = {isa = PBXFileReference; fileEncoding = 4; lastKnownFileType = sourcecode.swift; path = PlayerSpec.swift; sourceTree = "<group>"; };
		1B9BCBFF1D3025610080E45D /* Card.swift */ = {isa = PBXFileReference; fileEncoding = 4; lastKnownFileType = sourcecode.swift; path = Card.swift; sourceTree = "<group>"; };
		1B9BCC001D3025610080E45D /* Dealer.swift */ = {isa = PBXFileReference; fileEncoding = 4; lastKnownFileType = sourcecode.swift; path = Dealer.swift; sourceTree = "<group>"; };
		1B9BCC011D3025610080E45D /* Deck.swift */ = {isa = PBXFileReference; fileEncoding = 4; lastKnownFileType = sourcecode.swift; path = Deck.swift; sourceTree = "<group>"; };
		1B9BCC021D3025610080E45D /* House.swift */ = {isa = PBXFileReference; fileEncoding = 4; lastKnownFileType = sourcecode.swift; path = House.swift; sourceTree = "<group>"; };
		1B9BCC031D3025610080E45D /* Player.swift */ = {isa = PBXFileReference; fileEncoding = 4; lastKnownFileType = sourcecode.swift; path = Player.swift; sourceTree = "<group>"; };
		1B9BCC091D3026F10080E45D /* HouseSpec.swift */ = {isa = PBXFileReference; fileEncoding = 4; lastKnownFileType = sourcecode.swift; path = HouseSpec.swift; sourceTree = "<group>"; };
		1B9BCC0D1D3027320080E45D /* DeckSpec.swift */ = {isa = PBXFileReference; fileEncoding = 4; lastKnownFileType = sourcecode.swift; path = DeckSpec.swift; sourceTree = "<group>"; };
		1B9BCC0F1D3027580080E45D /* DealerSpec.swift */ = {isa = PBXFileReference; fileEncoding = 4; lastKnownFileType = sourcecode.swift; path = DealerSpec.swift; sourceTree = "<group>"; };
		1B9BCC111D3027720080E45D /* CardSpec.swift */ = {isa = PBXFileReference; fileEncoding = 4; lastKnownFileType = sourcecode.swift; path = CardSpec.swift; sourceTree = "<group>"; };
		2ADC951003952CD1D57079D6 /* Pods-swift-blackjack-labTests.release.xcconfig */ = {isa = PBXFileReference; includeInIndex = 1; lastKnownFileType = text.xcconfig; name = "Pods-swift-blackjack-labTests.release.xcconfig"; path = "Pods/Target Support Files/Pods-swift-blackjack-labTests/Pods-swift-blackjack-labTests.release.xcconfig"; sourceTree = "<group>"; };
		404F70BE083BCE33FAE30C91 /* Pods_swift_blackjack_labTests.framework */ = {isa = PBXFileReference; explicitFileType = wrapper.framework; includeInIndex = 0; path = Pods_swift_blackjack_labTests.framework; sourceTree = BUILT_PRODUCTS_DIR; };
		43357FF39272C5EE2B29D509 /* Pods-swift-blackjack-lab.debug.xcconfig */ = {isa = PBXFileReference; includeInIndex = 1; lastKnownFileType = text.xcconfig; name = "Pods-swift-blackjack-lab.debug.xcconfig"; path = "Pods/Target Support Files/Pods-swift-blackjack-lab/Pods-swift-blackjack-lab.debug.xcconfig"; sourceTree = "<group>"; };
		77283629B29EE8024C1AD065 /* Pods-swift-blackjack-labTests.debug.xcconfig */ = {isa = PBXFileReference; includeInIndex = 1; lastKnownFileType = text.xcconfig; name = "Pods-swift-blackjack-labTests.debug.xcconfig"; path = "Pods/Target Support Files/Pods-swift-blackjack-labTests/Pods-swift-blackjack-labTests.debug.xcconfig"; sourceTree = "<group>"; };
		D1A3AC27C31E30B3B95AF9D3 /* Pods_swift_blackjack_lab.framework */ = {isa = PBXFileReference; explicitFileType = wrapper.framework; includeInIndex = 0; path = Pods_swift_blackjack_lab.framework; sourceTree = BUILT_PRODUCTS_DIR; };
		E9D57171BEE7284327A5795C /* Pods-swift-blackjack-lab.release.xcconfig */ = {isa = PBXFileReference; includeInIndex = 1; lastKnownFileType = text.xcconfig; name = "Pods-swift-blackjack-lab.release.xcconfig"; path = "Pods/Target Support Files/Pods-swift-blackjack-lab/Pods-swift-blackjack-lab.release.xcconfig"; sourceTree = "<group>"; };
/* End PBXFileReference section */

/* Begin PBXFrameworksBuildPhase section */
		1B7BC4221D301D6C00454AAB /* Frameworks */ = {
			isa = PBXFrameworksBuildPhase;
			buildActionMask = 2147483647;
			files = (
				9270B07079B11307409944C5 /* Pods_swift_blackjack_lab.framework in Frameworks */,
			);
			runOnlyForDeploymentPostprocessing = 0;
		};
		1B7BC4361D301D6D00454AAB /* Frameworks */ = {
			isa = PBXFrameworksBuildPhase;
			buildActionMask = 2147483647;
			files = (
				27D170B89F7408C8EE2BCB9A /* Pods_swift_blackjack_labTests.framework in Frameworks */,
			);
			runOnlyForDeploymentPostprocessing = 0;
		};
/* End PBXFrameworksBuildPhase section */

/* Begin PBXGroup section */
		1B7BC41C1D301D6C00454AAB = {
			isa = PBXGroup;
			children = (
				1B7BC4271D301D6C00454AAB /* swift-blackjack-lab */,
				1B7BC43C1D301D6D00454AAB /* swift-blackjack-labTests */,
				1B7BC4261D301D6C00454AAB /* Products */,
				C8146074548CEE8710454D40 /* Pods */,
				1C0D945C7D782921E0521676 /* Frameworks */,
			);
			sourceTree = "<group>";
		};
		1B7BC4261D301D6C00454AAB /* Products */ = {
			isa = PBXGroup;
			children = (
				1B7BC4251D301D6C00454AAB /* swift-blackjack-lab.app */,
				1B7BC4391D301D6D00454AAB /* swift-blackjack-labTests.xctest */,
			);
			name = Products;
			sourceTree = "<group>";
		};
		1B7BC4271D301D6C00454AAB /* swift-blackjack-lab */ = {
			isa = PBXGroup;
			children = (
				1B7BC4281D301D6C00454AAB /* AppDelegate.swift */,
				1B7BC42A1D301D6D00454AAB /* ViewController.swift */,
				1B9BCBFF1D3025610080E45D /* Card.swift */,
				1B9BCC001D3025610080E45D /* Dealer.swift */,
				1B9BCC011D3025610080E45D /* Deck.swift */,
				1B9BCC021D3025610080E45D /* House.swift */,
				1B9BCC031D3025610080E45D /* Player.swift */,
				1B7BC42C1D301D6D00454AAB /* Main.storyboard */,
				1B7BC42F1D301D6D00454AAB /* Assets.xcassets */,
				1B7BC4311D301D6D00454AAB /* LaunchScreen.storyboard */,
				1B7BC4341D301D6D00454AAB /* Info.plist */,
			);
			path = "swift-blackjack-lab";
			sourceTree = "<group>";
		};
		1B7BC43C1D301D6D00454AAB /* swift-blackjack-labTests */ = {
			isa = PBXGroup;
			children = (
				1B7BC43D1D301D6D00454AAB /* swift_blackjack_labTests.swift */,
				1B7BC43F1D301D6D00454AAB /* Info.plist */,
				1B9BCBFD1D3023EC0080E45D /* PlayerSpec.swift */,
				1B9BCC091D3026F10080E45D /* HouseSpec.swift */,
				1B9BCC0D1D3027320080E45D /* DeckSpec.swift */,
				1B9BCC0F1D3027580080E45D /* DealerSpec.swift */,
				1B9BCC111D3027720080E45D /* CardSpec.swift */,
			);
			path = "swift-blackjack-labTests";
			sourceTree = "<group>";
		};
		1C0D945C7D782921E0521676 /* Frameworks */ = {
			isa = PBXGroup;
			children = (
				D1A3AC27C31E30B3B95AF9D3 /* Pods_swift_blackjack_lab.framework */,
				404F70BE083BCE33FAE30C91 /* Pods_swift_blackjack_labTests.framework */,
			);
			name = Frameworks;
			sourceTree = "<group>";
		};
		C8146074548CEE8710454D40 /* Pods */ = {
			isa = PBXGroup;
			children = (
				43357FF39272C5EE2B29D509 /* Pods-swift-blackjack-lab.debug.xcconfig */,
				E9D57171BEE7284327A5795C /* Pods-swift-blackjack-lab.release.xcconfig */,
				77283629B29EE8024C1AD065 /* Pods-swift-blackjack-labTests.debug.xcconfig */,
				2ADC951003952CD1D57079D6 /* Pods-swift-blackjack-labTests.release.xcconfig */,
			);
			name = Pods;
			sourceTree = "<group>";
		};
/* End PBXGroup section */

/* Begin PBXNativeTarget section */
		1B7BC4241D301D6C00454AAB /* swift-blackjack-lab */ = {
			isa = PBXNativeTarget;
			buildConfigurationList = 1B7BC4421D301D6D00454AAB /* Build configuration list for PBXNativeTarget "swift-blackjack-lab" */;
			buildPhases = (
				9F89CB346FD2B5DDA07730CA /* [CP] Check Pods Manifest.lock */,
				1B7BC4211D301D6C00454AAB /* Sources */,
				1B7BC4221D301D6C00454AAB /* Frameworks */,
				1B7BC4231D301D6C00454AAB /* Resources */,
				11250B2497A4C8ADC6B98A61 /* [CP] Embed Pods Frameworks */,
				170C177D447292B4BFD5090F /* [CP] Copy Pods Resources */,
			);
			buildRules = (
			);
			dependencies = (
			);
			name = "swift-blackjack-lab";
			productName = "swift-blackjack-lab";
			productReference = 1B7BC4251D301D6C00454AAB /* swift-blackjack-lab.app */;
			productType = "com.apple.product-type.application";
		};
		1B7BC4381D301D6D00454AAB /* swift-blackjack-labTests */ = {
			isa = PBXNativeTarget;
			buildConfigurationList = 1B7BC4451D301D6D00454AAB /* Build configuration list for PBXNativeTarget "swift-blackjack-labTests" */;
			buildPhases = (
				535DBE28C4C62302AF9D7C50 /* [CP] Check Pods Manifest.lock */,
				1B7BC4351D301D6D00454AAB /* Sources */,
				1B7BC4361D301D6D00454AAB /* Frameworks */,
				1B7BC4371D301D6D00454AAB /* Resources */,
				C8EE35E42A279551CF7544DC /* [CP] Embed Pods Frameworks */,
				26BB04A9DF5A5ACCA3B1AD26 /* [CP] Copy Pods Resources */,
			);
			buildRules = (
			);
			dependencies = (
				1B7BC43B1D301D6D00454AAB /* PBXTargetDependency */,
			);
			name = "swift-blackjack-labTests";
			productName = "swift-blackjack-labTests";
			productReference = 1B7BC4391D301D6D00454AAB /* swift-blackjack-labTests.xctest */;
			productType = "com.apple.product-type.bundle.unit-test";
		};
/* End PBXNativeTarget section */

/* Begin PBXProject section */
		1B7BC41D1D301D6C00454AAB /* Project object */ = {
			isa = PBXProject;
			attributes = {
				LastSwiftUpdateCheck = 0730;
				LastUpgradeCheck = 0800;
				ORGANIZATIONNAME = "Flatiron School";
				TargetAttributes = {
					1B7BC4241D301D6C00454AAB = {
						CreatedOnToolsVersion = 7.3.1;
						LastSwiftMigration = 0800;
					};
					1B7BC4381D301D6D00454AAB = {
						CreatedOnToolsVersion = 7.3.1;
						LastSwiftMigration = 0800;
						TestTargetID = 1B7BC4241D301D6C00454AAB;
					};
				};
			};
			buildConfigurationList = 1B7BC4201D301D6C00454AAB /* Build configuration list for PBXProject "swift-blackjack-lab" */;
			compatibilityVersion = "Xcode 3.2";
			developmentRegion = English;
			hasScannedForEncodings = 0;
			knownRegions = (
				en,
				Base,
			);
			mainGroup = 1B7BC41C1D301D6C00454AAB;
			productRefGroup = 1B7BC4261D301D6C00454AAB /* Products */;
			projectDirPath = "";
			projectRoot = "";
			targets = (
				1B7BC4241D301D6C00454AAB /* swift-blackjack-lab */,
				1B7BC4381D301D6D00454AAB /* swift-blackjack-labTests */,
			);
		};
/* End PBXProject section */

/* Begin PBXResourcesBuildPhase section */
		1B7BC4231D301D6C00454AAB /* Resources */ = {
			isa = PBXResourcesBuildPhase;
			buildActionMask = 2147483647;
			files = (
				1B7BC4331D301D6D00454AAB /* LaunchScreen.storyboard in Resources */,
				1B7BC4301D301D6D00454AAB /* Assets.xcassets in Resources */,
				1B7BC42E1D301D6D00454AAB /* Main.storyboard in Resources */,
			);
			runOnlyForDeploymentPostprocessing = 0;
		};
		1B7BC4371D301D6D00454AAB /* Resources */ = {
			isa = PBXResourcesBuildPhase;
			buildActionMask = 2147483647;
			files = (
			);
			runOnlyForDeploymentPostprocessing = 0;
		};
/* End PBXResourcesBuildPhase section */

/* Begin PBXShellScriptBuildPhase section */
		11250B2497A4C8ADC6B98A61 /* [CP] Embed Pods Frameworks */ = {
			isa = PBXShellScriptBuildPhase;
			buildActionMask = 2147483647;
			files = (
			);
			inputPaths = (
			);
			name = "[CP] Embed Pods Frameworks";
			outputPaths = (
			);
			runOnlyForDeploymentPostprocessing = 0;
			shellPath = /bin/sh;
			shellScript = "\"${SRCROOT}/Pods/Target Support Files/Pods-swift-blackjack-lab/Pods-swift-blackjack-lab-frameworks.sh\"\n";
			showEnvVarsInLog = 0;
		};
		170C177D447292B4BFD5090F /* [CP] Copy Pods Resources */ = {
			isa = PBXShellScriptBuildPhase;
			buildActionMask = 2147483647;
			files = (
			);
			inputPaths = (
			);
			name = "[CP] Copy Pods Resources";
			outputPaths = (
			);
			runOnlyForDeploymentPostprocessing = 0;
			shellPath = /bin/sh;
			shellScript = "\"${SRCROOT}/Pods/Target Support Files/Pods-swift-blackjack-lab/Pods-swift-blackjack-lab-resources.sh\"\n";
			showEnvVarsInLog = 0;
		};
		26BB04A9DF5A5ACCA3B1AD26 /* [CP] Copy Pods Resources */ = {
			isa = PBXShellScriptBuildPhase;
			buildActionMask = 2147483647;
			files = (
			);
			inputPaths = (
			);
			name = "[CP] Copy Pods Resources";
			outputPaths = (
			);
			runOnlyForDeploymentPostprocessing = 0;
			shellPath = /bin/sh;
			shellScript = "\"${SRCROOT}/Pods/Target Support Files/Pods-swift-blackjack-labTests/Pods-swift-blackjack-labTests-resources.sh\"\n";
			showEnvVarsInLog = 0;
		};
		535DBE28C4C62302AF9D7C50 /* [CP] Check Pods Manifest.lock */ = {
			isa = PBXShellScriptBuildPhase;
			buildActionMask = 2147483647;
			files = (
			);
			inputPaths = (
			);
			name = "[CP] Check Pods Manifest.lock";
			outputPaths = (
			);
			runOnlyForDeploymentPostprocessing = 0;
			shellPath = /bin/sh;
			shellScript = "diff \"${PODS_ROOT}/../Podfile.lock\" \"${PODS_ROOT}/Manifest.lock\" > /dev/null\nif [[ $? != 0 ]] ; then\n    cat << EOM\nerror: The sandbox is not in sync with the Podfile.lock. Run 'pod install' or update your CocoaPods installation.\nEOM\n    exit 1\nfi\n";
			showEnvVarsInLog = 0;
		};
		9F89CB346FD2B5DDA07730CA /* [CP] Check Pods Manifest.lock */ = {
			isa = PBXShellScriptBuildPhase;
			buildActionMask = 2147483647;
			files = (
			);
			inputPaths = (
			);
			name = "[CP] Check Pods Manifest.lock";
			outputPaths = (
			);
			runOnlyForDeploymentPostprocessing = 0;
			shellPath = /bin/sh;
			shellScript = "diff \"${PODS_ROOT}/../Podfile.lock\" \"${PODS_ROOT}/Manifest.lock\" > /dev/null\nif [[ $? != 0 ]] ; then\n    cat << EOM\nerror: The sandbox is not in sync with the Podfile.lock. Run 'pod install' or update your CocoaPods installation.\nEOM\n    exit 1\nfi\n";
			showEnvVarsInLog = 0;
		};
		C8EE35E42A279551CF7544DC /* [CP] Embed Pods Frameworks */ = {
			isa = PBXShellScriptBuildPhase;
			buildActionMask = 2147483647;
			files = (
			);
			inputPaths = (
			);
			name = "[CP] Embed Pods Frameworks";
			outputPaths = (
			);
			runOnlyForDeploymentPostprocessing = 0;
			shellPath = /bin/sh;
			shellScript = "\"${SRCROOT}/Pods/Target Support Files/Pods-swift-blackjack-labTests/Pods-swift-blackjack-labTests-frameworks.sh\"\n";
			showEnvVarsInLog = 0;
		};
/* End PBXShellScriptBuildPhase section */

/* Begin PBXSourcesBuildPhase section */
		1B7BC4211D301D6C00454AAB /* Sources */ = {
			isa = PBXSourcesBuildPhase;
			buildActionMask = 2147483647;
			files = (
				1B9BCC051D3025610080E45D /* Dealer.swift in Sources */,
				1B7BC42B1D301D6D00454AAB /* ViewController.swift in Sources */,
				1B9BCC061D3025610080E45D /* Deck.swift in Sources */,
				1B9BCC041D3025610080E45D /* Card.swift in Sources */,
				1B9BCC081D3025610080E45D /* Player.swift in Sources */,
				1B9BCC071D3025610080E45D /* House.swift in Sources */,
				1B7BC4291D301D6C00454AAB /* AppDelegate.swift in Sources */,
			);
			runOnlyForDeploymentPostprocessing = 0;
		};
		1B7BC4351D301D6D00454AAB /* Sources */ = {
			isa = PBXSourcesBuildPhase;
			buildActionMask = 2147483647;
			files = (
				1B9BCC0A1D3026F10080E45D /* HouseSpec.swift in Sources */,
				1B9BCC101D3027580080E45D /* DealerSpec.swift in Sources */,
				1B9BCC121D3027720080E45D /* CardSpec.swift in Sources */,
				1B7BC43E1D301D6D00454AAB /* swift_blackjack_labTests.swift in Sources */,
				1B9BCBFE1D3023EC0080E45D /* PlayerSpec.swift in Sources */,
				1B9BCC0E1D3027320080E45D /* DeckSpec.swift in Sources */,
			);
			runOnlyForDeploymentPostprocessing = 0;
		};
/* End PBXSourcesBuildPhase section */

/* Begin PBXTargetDependency section */
		1B7BC43B1D301D6D00454AAB /* PBXTargetDependency */ = {
			isa = PBXTargetDependency;
			target = 1B7BC4241D301D6C00454AAB /* swift-blackjack-lab */;
			targetProxy = 1B7BC43A1D301D6D00454AAB /* PBXContainerItemProxy */;
		};
/* End PBXTargetDependency section */

/* Begin PBXVariantGroup section */
		1B7BC42C1D301D6D00454AAB /* Main.storyboard */ = {
			isa = PBXVariantGroup;
			children = (
				1B7BC42D1D301D6D00454AAB /* Base */,
			);
			name = Main.storyboard;
			sourceTree = "<group>";
		};
		1B7BC4311D301D6D00454AAB /* LaunchScreen.storyboard */ = {
			isa = PBXVariantGroup;
			children = (
				1B7BC4321D301D6D00454AAB /* Base */,
			);
			name = LaunchScreen.storyboard;
			sourceTree = "<group>";
		};
/* End PBXVariantGroup section */

/* Begin XCBuildConfiguration section */
		1B7BC4401D301D6D00454AAB /* Debug */ = {
			isa = XCBuildConfiguration;
			buildSettings = {
				ALWAYS_SEARCH_USER_PATHS = NO;
				CLANG_ANALYZER_NONNULL = YES;
				CLANG_CXX_LANGUAGE_STANDARD = "gnu++0x";
				CLANG_CXX_LIBRARY = "libc++";
				CLANG_ENABLE_MODULES = YES;
				CLANG_ENABLE_OBJC_ARC = YES;
				CLANG_WARN_BOOL_CONVERSION = YES;
				CLANG_WARN_CONSTANT_CONVERSION = YES;
				CLANG_WARN_DIRECT_OBJC_ISA_USAGE = YES_ERROR;
				CLANG_WARN_EMPTY_BODY = YES;
				CLANG_WARN_ENUM_CONVERSION = YES;
				CLANG_WARN_INFINITE_RECURSION = YES;
				CLANG_WARN_INT_CONVERSION = YES;
				CLANG_WARN_OBJC_ROOT_CLASS = YES_ERROR;
				CLANG_WARN_SUSPICIOUS_MOVE = YES;
				CLANG_WARN_UNREACHABLE_CODE = YES;
				CLANG_WARN__DUPLICATE_METHOD_MATCH = YES;
				"CODE_SIGN_IDENTITY[sdk=iphoneos*]" = "iPhone Developer";
				COPY_PHASE_STRIP = NO;
				DEBUG_INFORMATION_FORMAT = dwarf;
				ENABLE_STRICT_OBJC_MSGSEND = YES;
				ENABLE_TESTABILITY = YES;
				GCC_C_LANGUAGE_STANDARD = gnu99;
				GCC_DYNAMIC_NO_PIC = NO;
				GCC_NO_COMMON_BLOCKS = YES;
				GCC_OPTIMIZATION_LEVEL = 0;
				GCC_PREPROCESSOR_DEFINITIONS = (
					"DEBUG=1",
					"$(inherited)",
				);
				GCC_WARN_64_TO_32_BIT_CONVERSION = YES;
				GCC_WARN_ABOUT_RETURN_TYPE = YES_ERROR;
				GCC_WARN_UNDECLARED_SELECTOR = YES;
				GCC_WARN_UNINITIALIZED_AUTOS = YES_AGGRESSIVE;
				GCC_WARN_UNUSED_FUNCTION = YES;
				GCC_WARN_UNUSED_VARIABLE = YES;
				IPHONEOS_DEPLOYMENT_TARGET = 9.3;
				MTL_ENABLE_DEBUG_INFO = YES;
				ONLY_ACTIVE_ARCH = YES;
				SDKROOT = iphoneos;
				SWIFT_OPTIMIZATION_LEVEL = "-Onone";
				TARGETED_DEVICE_FAMILY = "1,2";
			};
			name = Debug;
		};
		1B7BC4411D301D6D00454AAB /* Release */ = {
			isa = XCBuildConfiguration;
			buildSettings = {
				ALWAYS_SEARCH_USER_PATHS = NO;
				CLANG_ANALYZER_NONNULL = YES;
				CLANG_CXX_LANGUAGE_STANDARD = "gnu++0x";
				CLANG_CXX_LIBRARY = "libc++";
				CLANG_ENABLE_MODULES = YES;
				CLANG_ENABLE_OBJC_ARC = YES;
				CLANG_WARN_BOOL_CONVERSION = YES;
				CLANG_WARN_CONSTANT_CONVERSION = YES;
				CLANG_WARN_DIRECT_OBJC_ISA_USAGE = YES_ERROR;
				CLANG_WARN_EMPTY_BODY = YES;
				CLANG_WARN_ENUM_CONVERSION = YES;
				CLANG_WARN_INFINITE_RECURSION = YES;
				CLANG_WARN_INT_CONVERSION = YES;
				CLANG_WARN_OBJC_ROOT_CLASS = YES_ERROR;
				CLANG_WARN_SUSPICIOUS_MOVE = YES;
				CLANG_WARN_UNREACHABLE_CODE = YES;
				CLANG_WARN__DUPLICATE_METHOD_MATCH = YES;
				"CODE_SIGN_IDENTITY[sdk=iphoneos*]" = "iPhone Developer";
				COPY_PHASE_STRIP = NO;
				DEBUG_INFORMATION_FORMAT = "dwarf-with-dsym";
				ENABLE_NS_ASSERTIONS = NO;
				ENABLE_STRICT_OBJC_MSGSEND = YES;
				GCC_C_LANGUAGE_STANDARD = gnu99;
				GCC_NO_COMMON_BLOCKS = YES;
				GCC_WARN_64_TO_32_BIT_CONVERSION = YES;
				GCC_WARN_ABOUT_RETURN_TYPE = YES_ERROR;
				GCC_WARN_UNDECLARED_SELECTOR = YES;
				GCC_WARN_UNINITIALIZED_AUTOS = YES_AGGRESSIVE;
				GCC_WARN_UNUSED_FUNCTION = YES;
				GCC_WARN_UNUSED_VARIABLE = YES;
				IPHONEOS_DEPLOYMENT_TARGET = 9.3;
				MTL_ENABLE_DEBUG_INFO = NO;
				SDKROOT = iphoneos;
				SWIFT_OPTIMIZATION_LEVEL = "-Owholemodule";
				TARGETED_DEVICE_FAMILY = "1,2";
				VALIDATE_PRODUCT = YES;
			};
			name = Release;
		};
		1B7BC4431D301D6D00454AAB /* Debug */ = {
			isa = XCBuildConfiguration;
			baseConfigurationReference = 43357FF39272C5EE2B29D509 /* Pods-swift-blackjack-lab.debug.xcconfig */;
			buildSettings = {
				ASSETCATALOG_COMPILER_APPICON_NAME = AppIcon;
				INFOPLIST_FILE = "swift-blackjack-lab/Info.plist";
				LD_RUNPATH_SEARCH_PATHS = "$(inherited) @executable_path/Frameworks";
				PRODUCT_BUNDLE_IDENTIFIER = "FlatironSchool.com.swift-blackjack-lab";
				PRODUCT_NAME = "$(TARGET_NAME)";
				SWIFT_VERSION = 3.0;
			};
			name = Debug;
		};
		1B7BC4441D301D6D00454AAB /* Release */ = {
			isa = XCBuildConfiguration;
			baseConfigurationReference = E9D57171BEE7284327A5795C /* Pods-swift-blackjack-lab.release.xcconfig */;
			buildSettings = {
				ASSETCATALOG_COMPILER_APPICON_NAME = AppIcon;
				INFOPLIST_FILE = "swift-blackjack-lab/Info.plist";
				LD_RUNPATH_SEARCH_PATHS = "$(inherited) @executable_path/Frameworks";
				PRODUCT_BUNDLE_IDENTIFIER = "FlatironSchool.com.swift-blackjack-lab";
				PRODUCT_NAME = "$(TARGET_NAME)";
				SWIFT_VERSION = 3.0;
			};
			name = Release;
		};
		1B7BC4461D301D6D00454AAB /* Debug */ = {
			isa = XCBuildConfiguration;
			baseConfigurationReference = 77283629B29EE8024C1AD065 /* Pods-swift-blackjack-labTests.debug.xcconfig */;
			buildSettings = {
				ALWAYS_EMBED_SWIFT_STANDARD_LIBRARIES = YES;
				BUNDLE_LOADER = "$(TEST_HOST)";
				INFOPLIST_FILE = "swift-blackjack-labTests/Info.plist";
				LD_RUNPATH_SEARCH_PATHS = "$(inherited) @executable_path/Frameworks @loader_path/Frameworks";
				PRODUCT_BUNDLE_IDENTIFIER = "FIS.swift-blackjack-labTests";
				PRODUCT_NAME = "$(TARGET_NAME)";
				SWIFT_VERSION = 3.0;
				TEST_HOST = "$(BUILT_PRODUCTS_DIR)/swift-blackjack-lab.app/swift-blackjack-lab";
			};
			name = Debug;
		};
		1B7BC4471D301D6D00454AAB /* Release */ = {
			isa = XCBuildConfiguration;
			baseConfigurationReference = 2ADC951003952CD1D57079D6 /* Pods-swift-blackjack-labTests.release.xcconfig */;
			buildSettings = {
				ALWAYS_EMBED_SWIFT_STANDARD_LIBRARIES = YES;
				BUNDLE_LOADER = "$(TEST_HOST)";
				INFOPLIST_FILE = "swift-blackjack-labTests/Info.plist";
				LD_RUNPATH_SEARCH_PATHS = "$(inherited) @executable_path/Frameworks @loader_path/Frameworks";
				PRODUCT_BUNDLE_IDENTIFIER = "FIS.swift-blackjack-labTests";
				PRODUCT_NAME = "$(TARGET_NAME)";
				SWIFT_VERSION = 3.0;
				TEST_HOST = "$(BUILT_PRODUCTS_DIR)/swift-blackjack-lab.app/swift-blackjack-lab";
			};
			name = Release;
		};
/* End XCBuildConfiguration section */

/* Begin XCConfigurationList section */
		1B7BC4201D301D6C00454AAB /* Build configuration list for PBXProject "swift-blackjack-lab" */ = {
			isa = XCConfigurationList;
			buildConfigurations = (
				1B7BC4401D301D6D00454AAB /* Debug */,
				1B7BC4411D301D6D00454AAB /* Release */,
			);
			defaultConfigurationIsVisible = 0;
			defaultConfigurationName = Release;
		};
		1B7BC4421D301D6D00454AAB /* Build configuration list for PBXNativeTarget "swift-blackjack-lab" */ = {
			isa = XCConfigurationList;
			buildConfigurations = (
				1B7BC4431D301D6D00454AAB /* Debug */,
				1B7BC4441D301D6D00454AAB /* Release */,
			);
			defaultConfigurationIsVisible = 0;
			defaultConfigurationName = Release;
		};
		1B7BC4451D301D6D00454AAB /* Build configuration list for PBXNativeTarget "swift-blackjack-labTests" */ = {
			isa = XCConfigurationList;
			buildConfigurations = (
				1B7BC4461D301D6D00454AAB /* Debug */,
				1B7BC4471D301D6D00454AAB /* Release */,
			);
			defaultConfigurationIsVisible = 0;
			defaultConfigurationName = Release;
		};
/* End XCConfigurationList section */
	};
	rootObject = 1B7BC41D1D301D6C00454AAB /* Project object */;
}
